
Microsoft Visual Studio Solution File, Format Version 12.00
# Visual Studio Version 17
VisualStudioVersion = 17.14.37301.10 d17.14
MinimumVisualStudioVersion = 10.0.40219.1
Project("{FAE04EC0-301F-11D3-BF4B-00C04F79EFBC}") = "TodoStockSA", "TodoStockSA\TodoStockSA.csproj", "{56F794D8-0746-4C8F-9183-FEDA25650EE0}"
EndProject
Global
	GlobalSection(SolutionConfigurationPlatforms) = preSolution
		Debug|Any CPU = Debug|Any CPU
		Release|Any CPU = Release|Any CPU
	EndGlobalSection
	GlobalSection(ProjectConfigurationPlatforms) = postSolution
		{56F794D8-0746-4C8F-9183-FEDA25650EE0}.Debug|Any CPU.ActiveCfg = Debug|Any CPU
		{56F794D8-0746-4C8F-9183-FEDA25650EE0}.Debug|Any CPU.Build.0 = Debug|Any CPU
		{56F794D8-0746-4C8F-9183-FEDA25650EE0}.Release|Any CPU.ActiveCfg = Release|Any CPU
		{56F794D8-0746-4C8F-9183-FEDA25650EE0}.Release|Any CPU.Build.0 = Release|Any CPU
	EndGlobalSection
	GlobalSection(SolutionProperties) = preSolution
		HideSolutionNode = FALSE
	EndGlobalSection
	GlobalSection(ExtensibilityGlobals) = postSolution
		SolutionGuid = {F1584402-83CF-43F6-80A3-56257AF9F4D1}
	EndGlobalSection
EndGlobal
